
Microsoft Visual Studio Solution File, Format Version 12.00
# Visual Studio 15
VisualStudioVersion = 15.0.28307.271
MinimumVisualStudioVersion = 10.0.40219.1
Project("{8BC9CEB8-8B4A-11D0-8D11-00A0C91BC942}") = "ApplicationLibrary", "ApplicationLibrary\ApplicationLibrary.vcxproj", "{AB2CB4ED-3255-4282-AA77-7D5C8E68F1FA}"
EndProject
Project("{8BC9CEB8-8B4A-11D0-8D11-00A0C91BC942}") = "ConsoleApplication", "ConsoleApplication\ConsoleApplication.vcxproj", "{D1D0A84E-3AA6-4B59-A1B7-4902B04414C5}"
	ProjectSection(ProjectDependencies) = postProject
		{AB2CB4ED-3255-4282-AA77-7D5C8E68F1FA} = {AB2CB4ED-3255-4282-AA77-7D5C8E68F1FA}
	EndProjectSection
EndProject
Global
	GlobalSection(SolutionConfigurationPlatforms) = preSolution
		Debug Static|x64 = Debug Static|x64
		Debug Static|x86 = Debug Static|x86
		Debug|x64 = Debug|x64
		Debug|x86 = Debug|x86
		Release Static|x64 = Release Static|x64
		Release Static|x86 = Release Static|x86
		Release|x64 = Release|x64
		Release|x86 = Release|x86
	EndGlobalSection
	GlobalSection(ProjectConfigurationPlatforms) = postSolution
		{AB2CB4ED-3255-4282-AA77-7D5C8E68F1FA}.Debug Static|x64.ActiveCfg = Debug Static|x64
		{AB2CB4ED-3255-4282-AA77-7D5C8E68F1FA}.Debug Static|x64.Build.0 = Debug Static|x64
		{AB2CB4ED-3255-4282-AA77-7D5C8E68F1FA}.Debug Static|x86.ActiveCfg = Debug Static|Win32
		{AB2CB4ED-3255-4282-AA77-7D5C8E68F1FA}.Debug Static|x86.Build.0 = Debug Static|Win32
		{AB2CB4ED-3255-4282-AA77-7D5C8E68F1FA}.Debug|x64.ActiveCfg = Debug|x64
		{AB2CB4ED-3255-4282-AA77-7D5C8E68F1FA}.Debug|x64.Build.0 = Debug|x64
		{AB2CB4ED-3255-4282-AA77-7D5C8E68F1FA}.Debug|x86.ActiveCfg = Debug|Win32
		{AB2CB4ED-3255-4282-AA77-7D5C8E68F1FA}.Debug|x86.Build.0 = Debug|Win32
		{AB2CB4ED-3255-4282-AA77-7D5C8E68F1FA}.Release Static|x64.ActiveCfg = Release Static|x64
		{AB2CB4ED-3255-4282-AA77-7D5C8E68F1FA}.Release Static|x64.Build.0 = Release Static|x64
		{AB2CB4ED-3255-4282-AA77-7D5C8E68F1FA}.Release Static|x86.ActiveCfg = Release Static|Win32
		{AB2CB4ED-3255-4282-AA77-7D5C8E68F1FA}.Release Static|x86.Build.0 = Release Static|Win32
		{AB2CB4ED-3255-4282-AA77-7D5C8E68F1FA}.Release|x64.ActiveCfg = Release|x64
		{AB2CB4ED-3255-4282-AA77-7D5C8E68F1FA}.Release|x64.Build.0 = Release|x64
		{AB2CB4ED-3255-4282-AA77-7D5C8E68F1FA}.Release|x86.ActiveCfg = Release|Win32
		{AB2CB4ED-3255-4282-AA77-7D5C8E68F1FA}.Release|x86.Build.0 = Release|Win32
		{D1D0A84E-3AA6-4B59-A1B7-4902B04414C5}.Debug Static|x64.ActiveCfg = Debug Static|x64
		{D1D0A84E-3AA6-4B59-A1B7-4902B04414C5}.Debug Static|x64.Build.0 = Debug Static|x64
		{D1D0A84E-3AA6-4B59-A1B7-4902B04414C5}.Debug Static|x86.ActiveCfg = Debug Static|Win32
		{D1D0A84E-3AA6-4B59-A1B7-4902B04414C5}.Debug Static|x86.Build.0 = Debug Static|Win32
		{D1D0A84E-3AA6-4B59-A1B7-4902B04414C5}.Debug|x64.ActiveCfg = Debug|x64
		{D1D0A84E-3AA6-4B59-A1B7-4902B04414C5}.Debug|x64.Build.0 = Debug|x64
		{D1D0A84E-3AA6-4B59-A1B7-4902B04414C5}.Debug|x86.ActiveCfg = Debug|Win32
		{D1D0A84E-3AA6-4B59-A1B7-4902B04414C5}.Debug|x86.Build.0 = Debug|Win32
		{D1D0A84E-3AA6-4B59-A1B7-4902B04414C5}.Release Static|x64.ActiveCfg = Release Static|x64
		{D1D0A84E-3AA6-4B59-A1B7-4902B04414C5}.Release Static|x64.Build.0 = Release Static|x64
		{D1D0A84E-3AA6-4B59-A1B7-4902B04414C5}.Release Static|x86.ActiveCfg = Release Static|Win32
		{D1D0A84E-3AA6-4B59-A1B7-4902B04414C5}.Release Static|x86.Build.0 = Release Static|Win32
		{D1D0A84E-3AA6-4B59-A1B7-4902B04414C5}.Release|x64.ActiveCfg = Release|x64
		{D1D0A84E-3AA6-4B59-A1B7-4902B04414C5}.Release|x64.Build.0 = Release|x64
		{D1D0A84E-3AA6-4B59-A1B7-4902B04414C5}.Release|x86.ActiveCfg = Release|Win32
		{D1D0A84E-3AA6-4B59-A1B7-4902B04414C5}.Release|x86.Build.0 = Release|Win32
	EndGlobalSection
	GlobalSection(SolutionProperties) = preSolution
		HideSolutionNode = FALSE
	EndGlobalSection
	GlobalSection(ExtensibilityGlobals) = postSolution
		SolutionGuid = {F275D6F5-468D-4356-AF13-3B7CEFD8C49A}
	EndGlobalSection
EndGlobal
