
Microsoft Visual Studio Solution File, Format Version 12.00
# Visual Studio 15
VisualStudioVersion = 15.0.28307.271
MinimumVisualStudioVersion = 10.0.40219.1
Project("{8BC9CEB8-8B4A-11D0-8D11-00A0C91BC942}") = "ApplicationLibrary", "ApplicationLibrary\ApplicationLibrary.vcxproj", "{AB2CB4ED-3255-4282-AA77-7D5C8E68F1FA}"
EndProject
Global
	GlobalSection(SolutionConfigurationPlatforms) = preSolution
		Debug|x64 = Debug|x64
		Debug|x86 = Debug|x86
		Release|x64 = Release|x64
		Release|x86 = Release|x86
	EndGlobalSection
	GlobalSection(ProjectConfigurationPlatforms) = postSolution
		{AB2CB4ED-3255-4282-AA77-7D5C8E68F1FA}.Debug|x64.ActiveCfg = Debug|x64
		{AB2CB4ED-3255-4282-AA77-7D5C8E68F1FA}.Debug|x64.Build.0 = Debug|x64
		{AB2CB4ED-3255-4282-AA77-7D5C8E68F1FA}.Debug|x86.ActiveCfg = Debug|Win32
		{AB2CB4ED-3255-4282-AA77-7D5C8E68F1FA}.Debug|x86.Build.0 = Debug|Win32
		{AB2CB4ED-3255-4282-AA77-7D5C8E68F1FA}.Release|x64.ActiveCfg = Release|x64
		{AB2CB4ED-3255-4282-AA77-7D5C8E68F1FA}.Release|x64.Build.0 = Release|x64
		{AB2CB4ED-3255-4282-AA77-7D5C8E68F1FA}.Release|x86.ActiveCfg = Release|Win32
		{AB2CB4ED-3255-4282-AA77-7D5C8E68F1FA}.Release|x86.Build.0 = Release|Win32
	EndGlobalSection
	GlobalSection(SolutionProperties) = preSolution
		HideSolutionNode = FALSE
	EndGlobalSection
	GlobalSection(ExtensibilityGlobals) = postSolution
		SolutionGuid = {F275D6F5-468D-4356-AF13-3B7CEFD8C49A}
	EndGlobalSection
EndGlobal
